
Microsoft Visual Studio Solution File, Format Version 12.00
# Visual Studio Version 17
VisualStudioVersion = 17.0.31903.59
MinimumVisualStudioVersion = 10.0.40219.1
Project("{2150E333-8FDC-42A3-9474-1A3956D46DE8}") = "src", "src", "{63F733AC-F889-40F8-8961-B45AF80EE5F1}"
EndProject
Project("{2150E333-8FDC-42A3-9474-1A3956D46DE8}") = "BuildingBlocks", "BuildingBlocks", "{679E323E-751C-4CF2-9DB5-428728CEDCBF}"
EndProject
Project("{FAE04EC0-301F-11D3-BF4B-00C04F79EFBC}") = "BuildingBlocks.CQRS", "src\BuildingBlocks\BuildingBlocks.CQRS\BuildingBlocks.CQRS.csproj", "{14E86640-404E-4043-8F88-F4B13499250A}"
EndProject
Project("{FAE04EC0-301F-11D3-BF4B-00C04F79EFBC}") = "BuildingBlocks.Results", "src\BuildingBlocks\BuildingBlocks.Results\BuildingBlocks.Results.csproj", "{8EF2FC5F-494F-4625-A665-010FDBAE8D08}"
EndProject
Project("{2150E333-8FDC-42A3-9474-1A3956D46DE8}") = "Services", "Services", "{6D999510-3D05-460D-BD16-08DECCB1A681}"
EndProject
Project("{2150E333-8FDC-42A3-9474-1A3956D46DE8}") = "Catalog", "Catalog", "{E79D58A4-E83C-4C5E-8334-FA263E3E6A4C}"
EndProject
Project("{FAE04EC0-301F-11D3-BF4B-00C04F79EFBC}") = "Catalog.API", "src\Services\Catalog\Catalog.API\Catalog.API.csproj", "{B7BC6DE3-45D7-4E36-9872-1A46EEC01624}"
EndProject
Project("{2150E333-8FDC-42A3-9474-1A3956D46DE8}") = "Basket", "Basket", "{4CA887E6-547A-4EF9-B143-DFDBFE07780F}"
EndProject
Project("{FAE04EC0-301F-11D3-BF4B-00C04F79EFBC}") = "Basket.API", "src\Services\Basket\Basket.API\Basket.API.csproj", "{376528D9-548A-4CB8-B69D-BE346701CFED}"
EndProject
Project("{FAE04EC0-301F-11D3-BF4B-00C04F79EFBC}") = "BuildingBlocks.Resilience", "src\BuildingBlocks\BuildingBlocks.Resilience\BuildingBlocks.Resilience.csproj", "{0D8AC808-C961-4EFF-B8B4-28A74D34ADDA}"
EndProject
Project("{2150E333-8FDC-42A3-9474-1A3956D46DE8}") = "Discount", "Discount", "{F76A48F3-D12E-496F-84DA-05D8FA9856CC}"
EndProject
Project("{FAE04EC0-301F-11D3-BF4B-00C04F79EFBC}") = "Discount.Grpc", "src\Services\Discount\Discount.Grpc\Discount.Grpc.csproj", "{A669C6D4-B3A9-40C0-9DF6-526C2BB86852}"
EndProject
Global
	GlobalSection(SolutionConfigurationPlatforms) = preSolution
		Debug|Any CPU = Debug|Any CPU
		Release|Any CPU = Release|Any CPU
	EndGlobalSection
	GlobalSection(SolutionProperties) = preSolution
		HideSolutionNode = FALSE
	EndGlobalSection
	GlobalSection(ProjectConfigurationPlatforms) = postSolution
		{14E86640-404E-4043-8F88-F4B13499250A}.Debug|Any CPU.ActiveCfg = Debug|Any CPU
		{14E86640-404E-4043-8F88-F4B13499250A}.Debug|Any CPU.Build.0 = Debug|Any CPU
		{14E86640-404E-4043-8F88-F4B13499250A}.Release|Any CPU.ActiveCfg = Release|Any CPU
		{14E86640-404E-4043-8F88-F4B13499250A}.Release|Any CPU.Build.0 = Release|Any CPU
		{8EF2FC5F-494F-4625-A665-010FDBAE8D08}.Debug|Any CPU.ActiveCfg = Debug|Any CPU
		{8EF2FC5F-494F-4625-A665-010FDBAE8D08}.Debug|Any CPU.Build.0 = Debug|Any CPU
		{8EF2FC5F-494F-4625-A665-010FDBAE8D08}.Release|Any CPU.ActiveCfg = Release|Any CPU
		{8EF2FC5F-494F-4625-A665-010FDBAE8D08}.Release|Any CPU.Build.0 = Release|Any CPU
		{B7BC6DE3-45D7-4E36-9872-1A46EEC01624}.Debug|Any CPU.ActiveCfg = Debug|Any CPU
		{B7BC6DE3-45D7-4E36-9872-1A46EEC01624}.Debug|Any CPU.Build.0 = Debug|Any CPU
		{B7BC6DE3-45D7-4E36-9872-1A46EEC01624}.Release|Any CPU.ActiveCfg = Release|Any CPU
		{B7BC6DE3-45D7-4E36-9872-1A46EEC01624}.Release|Any CPU.Build.0 = Release|Any CPU
		{376528D9-548A-4CB8-B69D-BE346701CFED}.Debug|Any CPU.ActiveCfg = Debug|Any CPU
		{376528D9-548A-4CB8-B69D-BE346701CFED}.Debug|Any CPU.Build.0 = Debug|Any CPU
		{376528D9-548A-4CB8-B69D-BE346701CFED}.Release|Any CPU.ActiveCfg = Release|Any CPU
		{376528D9-548A-4CB8-B69D-BE346701CFED}.Release|Any CPU.Build.0 = Release|Any CPU
		{0D8AC808-C961-4EFF-B8B4-28A74D34ADDA}.Debug|Any CPU.ActiveCfg = Debug|Any CPU
		{0D8AC808-C961-4EFF-B8B4-28A74D34ADDA}.Debug|Any CPU.Build.0 = Debug|Any CPU
		{0D8AC808-C961-4EFF-B8B4-28A74D34ADDA}.Release|Any CPU.ActiveCfg = Release|Any CPU
		{0D8AC808-C961-4EFF-B8B4-28A74D34ADDA}.Release|Any CPU.Build.0 = Release|Any CPU
		{A669C6D4-B3A9-40C0-9DF6-526C2BB86852}.Debug|Any CPU.ActiveCfg = Debug|Any CPU
		{A669C6D4-B3A9-40C0-9DF6-526C2BB86852}.Debug|Any CPU.Build.0 = Debug|Any CPU
		{A669C6D4-B3A9-40C0-9DF6-526C2BB86852}.Release|Any CPU.ActiveCfg = Release|Any CPU
		{A669C6D4-B3A9-40C0-9DF6-526C2BB86852}.Release|Any CPU.Build.0 = Release|Any CPU
	EndGlobalSection
	GlobalSection(NestedProjects) = preSolution
		{679E323E-751C-4CF2-9DB5-428728CEDCBF} = {63F733AC-F889-40F8-8961-B45AF80EE5F1}
		{14E86640-404E-4043-8F88-F4B13499250A} = {679E323E-751C-4CF2-9DB5-428728CEDCBF}
		{8EF2FC5F-494F-4625-A665-010FDBAE8D08} = {679E323E-751C-4CF2-9DB5-428728CEDCBF}
		{6D999510-3D05-460D-BD16-08DECCB1A681} = {63F733AC-F889-40F8-8961-B45AF80EE5F1}
		{E79D58A4-E83C-4C5E-8334-FA263E3E6A4C} = {6D999510-3D05-460D-BD16-08DECCB1A681}
		{B7BC6DE3-45D7-4E36-9872-1A46EEC01624} = {E79D58A4-E83C-4C5E-8334-FA263E3E6A4C}
		{4CA887E6-547A-4EF9-B143-DFDBFE07780F} = {6D999510-3D05-460D-BD16-08DECCB1A681}
		{376528D9-548A-4CB8-B69D-BE346701CFED} = {4CA887E6-547A-4EF9-B143-DFDBFE07780F}
		{0D8AC808-C961-4EFF-B8B4-28A74D34ADDA} = {679E323E-751C-4CF2-9DB5-428728CEDCBF}
		{F76A48F3-D12E-496F-84DA-05D8FA9856CC} = {6D999510-3D05-460D-BD16-08DECCB1A681}
		{A669C6D4-B3A9-40C0-9DF6-526C2BB86852} = {F76A48F3-D12E-496F-84DA-05D8FA9856CC}
	EndGlobalSection
EndGlobal
